
Microsoft Visual Studio Solution File, Format Version 12.00
# Visual Studio Version 17
VisualStudioVersion = 17.1.32414.318
MinimumVisualStudioVersion = 10.0.40219.1
Project("{FAE04EC0-301F-11D3-BF4B-00C04F79EFBC}") = "MyColleagueIsRobot", "MyColleagueIsRobot.csproj", "{B82238D9-8C25-44C2-BC04-662BE49AF041}"
EndProject
Global
	GlobalSection(SolutionConfigurationPlatforms) = preSolution
		Debug|Any CPU = Debug|Any CPU
		Release|Any CPU = Release|Any CPU
	EndGlobalSection
	GlobalSection(ProjectConfigurationPlatforms) = postSolution
		{B82238D9-8C25-44C2-BC04-662BE49AF041}.Debug|Any CPU.ActiveCfg = Debug|Any CPU
		{B82238D9-8C25-44C2-BC04-662BE49AF041}.Debug|Any CPU.Build.0 = Debug|Any CPU
		{B82238D9-8C25-44C2-BC04-662BE49AF041}.Release|Any CPU.ActiveCfg = Release|Any CPU
		{B82238D9-8C25-44C2-BC04-662BE49AF041}.Release|Any CPU.Build.0 = Release|Any CPU
	EndGlobalSection
	GlobalSection(SolutionProperties) = preSolution
		HideSolutionNode = FALSE
	EndGlobalSection
	GlobalSection(ExtensibilityGlobals) = postSolution
		SolutionGuid = {491CED6F-11DB-45A1-B880-221A8F355367}
	EndGlobalSection
EndGlobal
